
Microsoft Visual Studio Solution File, Format Version 12.00
# Visual Studio Version 17
VisualStudioVersion = 17.11.35312.102
MinimumVisualStudioVersion = 10.0.40219.1
Project("{FAE04EC0-301F-11D3-BF4B-00C04F79EFBC}") = "Upcasting,Downcasting,Enum, Exception", "Upcasting,Downcasting,Enum, Exception\Upcasting,Downcasting,Enum, Exception.csproj", "{BC242D50-16AE-43C1-8E21-C94BE64B7FAE}"
EndProject
Global
	GlobalSection(SolutionConfigurationPlatforms) = preSolution
		Debug|Any CPU = Debug|Any CPU
		Release|Any CPU = Release|Any CPU
	EndGlobalSection
	GlobalSection(ProjectConfigurationPlatforms) = postSolution
		{BC242D50-16AE-43C1-8E21-C94BE64B7FAE}.Debug|Any CPU.ActiveCfg = Debug|Any CPU
		{BC242D50-16AE-43C1-8E21-C94BE64B7FAE}.Debug|Any CPU.Build.0 = Debug|Any CPU
		{BC242D50-16AE-43C1-8E21-C94BE64B7FAE}.Release|Any CPU.ActiveCfg = Release|Any CPU
		{BC242D50-16AE-43C1-8E21-C94BE64B7FAE}.Release|Any CPU.Build.0 = Release|Any CPU
	EndGlobalSection
	GlobalSection(SolutionProperties) = preSolution
		HideSolutionNode = FALSE
	EndGlobalSection
	GlobalSection(ExtensibilityGlobals) = postSolution
		SolutionGuid = {F8AFC37D-4B86-4FFA-9BF6-2B0E12C836A6}
	EndGlobalSection
EndGlobal
